{
    "name": "test",
    "version": "1.0.0",
    "lockfileVersion": 1,
    "requires": true,
    "dependencies": {
        "core-js": {
            "version": "2.6.11",
            "resolved": "https://registry.npm.taobao.org/core-js/download/core-js-2.6.11.tgz?cache=0&sync_timestamp=1578957195899&other_urls=https%3A%2F%2Fregistry.npm.taobao.org%2Fcore-js%2Fdownload%2Fcore-js-2.6.11.tgz",
            "integrity": "sha1-OIMUafmSK97Y7iHJ3EaYXgOZMIw="
        },
        "regenerator-runtime": {
            "version": "0.13.3",
            "resolved": "https://registry.npm.taobao.org/regenerator-runtime/download/regenerator-runtime-0.13.3.tgz",
            "integrity": "sha1-fPanfY9cb2Drc8X8GVWyzrAea/U="
        }
    }
}
